// !$*UTF8*$!
{
	archiveVersion = 1;
	classes = {
	};
	objectVersion = 46;
	objects = {

/* Begin PBXBuildFile section */
		409E71171B8830540009A36E /* main.m in Sources */ = {isa = PBXBuildFile; fileRef = 409E71161B8830540009A36E /* main.m */; };
		409E71221B8830540009A36E /* Images.xcassets in Resources */ = {isa = PBXBuildFile; fileRef = 409E71211B8830540009A36E /* Images.xcassets */; };
		409E71251B8830540009A36E /* LaunchScreen.xib in Resources */ = {isa = PBXBuildFile; fileRef = 409E71231B8830540009A36E /* LaunchScreen.xib */; };
		409E71311B8830540009A36E /* Light_Up_The_WayTests.m in Sources */ = {isa = PBXBuildFile; fileRef = 409E71301B8830540009A36E /* Light_Up_The_WayTests.m */; };
		409E71881B8852650009A36E /* PAWActivityView.m in Sources */ = {isa = PBXBuildFile; fileRef = 409E716C1B8852650009A36E /* PAWActivityView.m */; };
		409E71891B8852650009A36E /* LUTWAppDelegate.m in Sources */ = {isa = PBXBuildFile; fileRef = 409E716E1B8852650009A36E /* LUTWAppDelegate.m */; };
		409E718A1B8852650009A36E /* PAWConfigManager.m in Sources */ = {isa = PBXBuildFile; fileRef = 409E71701B8852650009A36E /* PAWConfigManager.m */; };
		409E718B1B8852650009A36E /* PAWLoginViewController.m in Sources */ = {isa = PBXBuildFile; fileRef = 409E71731B8852650009A36E /* PAWLoginViewController.m */; };
		409E718C1B8852650009A36E /* PAWLoginViewController.xib in Resources */ = {isa = PBXBuildFile; fileRef = 409E71741B8852650009A36E /* PAWLoginViewController.xib */; };
		409E718D1B8852650009A36E /* PAWNewUserViewController.m in Sources */ = {isa = PBXBuildFile; fileRef = 409E71761B8852650009A36E /* PAWNewUserViewController.m */; };
		409E718E1B8852650009A36E /* PAWNewUserViewController.xib in Resources */ = {isa = PBXBuildFile; fileRef = 409E71771B8852650009A36E /* PAWNewUserViewController.xib */; };
		409E718F1B8852650009A36E /* PAWPost.m in Sources */ = {isa = PBXBuildFile; fileRef = 409E71791B8852650009A36E /* PAWPost.m */; };
		409E71901B8852650009A36E /* PAWPostTableViewCell.m in Sources */ = {isa = PBXBuildFile; fileRef = 409E717B1B8852650009A36E /* PAWPostTableViewCell.m */; };
		409E71911B8852650009A36E /* PAWSettingsViewController.m in Sources */ = {isa = PBXBuildFile; fileRef = 409E717D1B8852650009A36E /* PAWSettingsViewController.m */; };
		409E71921B8852650009A36E /* PAWSettingsViewController.xib in Resources */ = {isa = PBXBuildFile; fileRef = 409E717E1B8852650009A36E /* PAWSettingsViewController.xib */; };
		409E71931B8852650009A36E /* PAWWallPostCreateViewController.m in Sources */ = {isa = PBXBuildFile; fileRef = 409E71801B8852650009A36E /* PAWWallPostCreateViewController.m */; };
		409E71941B8852650009A36E /* PAWWallPostCreateViewController.xib in Resources */ = {isa = PBXBuildFile; fileRef = 409E71811B8852650009A36E /* PAWWallPostCreateViewController.xib */; };
		409E71951B8852650009A36E /* PAWWallPostsTableViewController.m in Sources */ = {isa = PBXBuildFile; fileRef = 409E71831B8852650009A36E /* PAWWallPostsTableViewController.m */; };
		409E71961B8852650009A36E /* PAWWallViewController.m in Sources */ = {isa = PBXBuildFile; fileRef = 409E71851B8852650009A36E /* PAWWallViewController.m */; };
		409E71971B8852650009A36E /* PAWWallViewController.xib in Resources */ = {isa = PBXBuildFile; fileRef = 409E71861B8852650009A36E /* PAWWallViewController.xib */; };
		409E71981B8852650009A36E /* PAWWelcomeViewController.xib in Resources */ = {isa = PBXBuildFile; fileRef = 409E71871B8852650009A36E /* PAWWelcomeViewController.xib */; };
		409E71A21B88558A0009A36E /* Foundation.framework in Frameworks */ = {isa = PBXBuildFile; fileRef = 409E71A11B88558A0009A36E /* Foundation.framework */; };
		409E71A41B8855920009A36E /* UIKit.framework in Frameworks */ = {isa = PBXBuildFile; fileRef = 409E71A31B8855920009A36E /* UIKit.framework */; };
		409E71A61B8855990009A36E /* MapKit.framework in Frameworks */ = {isa = PBXBuildFile; fileRef = 409E71A51B8855990009A36E /* MapKit.framework */; };
		409E71A81B8855A10009A36E /* CoreLocation.framework in Frameworks */ = {isa = PBXBuildFile; fileRef = 409E71A71B8855A10009A36E /* CoreLocation.framework */; };
		409E71AA1B8855A70009A36E /* CoreGraphics.framework in Frameworks */ = {isa = PBXBuildFile; fileRef = 409E71A91B8855A70009A36E /* CoreGraphics.framework */; };
		409E71AC1B8855AE0009A36E /* AudioToolbox.framework in Frameworks */ = {isa = PBXBuildFile; fileRef = 409E71AB1B8855AE0009A36E /* AudioToolbox.framework */; };
		409E71AE1B8855B50009A36E /* CFNetwork.framework in Frameworks */ = {isa = PBXBuildFile; fileRef = 409E71AD1B8855B50009A36E /* CFNetwork.framework */; };
		409E71B01B8855BF0009A36E /* SystemConfiguration.framework in Frameworks */ = {isa = PBXBuildFile; fileRef = 409E71AF1B8855BF0009A36E /* SystemConfiguration.framework */; };
		409E71B21B8855C70009A36E /* MobileCoreServices.framework in Frameworks */ = {isa = PBXBuildFile; fileRef = 409E71B11B8855C70009A36E /* MobileCoreServices.framework */; };
		409E71B41B8855D10009A36E /* libz.1.1.3.dylib in Frameworks */ = {isa = PBXBuildFile; fileRef = 409E71B31B8855D10009A36E /* libz.1.1.3.dylib */; };
		409E71B51B8855D70009A36E /* Security.framework in Frameworks */ = {isa = PBXBuildFile; fileRef = 409E719F1B88557E0009A36E /* Security.framework */; };
		409E71B61B8855DC0009A36E /* QuartzCore.framework in Frameworks */ = {isa = PBXBuildFile; fileRef = 409E719D1B8855760009A36E /* QuartzCore.framework */; };
		CCCF4942EEE31E86DD6139F5 /* libPods.a in Frameworks */ = {isa = PBXBuildFile; fileRef = 9FF4B76707DC9602BCB59E39 /* libPods.a */; };
/* End PBXBuildFile section */

/* Begin PBXContainerItemProxy section */
		409E712B1B8830540009A36E /* PBXContainerItemProxy */ = {
			isa = PBXContainerItemProxy;
			containerPortal = 409E71091B8830540009A36E /* Project object */;
			proxyType = 1;
			remoteGlobalIDString = 409E71101B8830540009A36E;
			remoteInfo = "Light Up The Way";
		};
/* End PBXContainerItemProxy section */

/* Begin PBXFileReference section */
		3ABDB8ED29D962A400DE9FA9 /* Pods.release.xcconfig */ = {isa = PBXFileReference; includeInIndex = 1; lastKnownFileType = text.xcconfig; name = Pods.release.xcconfig; path = "Pods/Target Support Files/Pods/Pods.release.xcconfig"; sourceTree = "<group>"; };
		409E71111B8830540009A36E /* LightUpTheWay.app */ = {isa = PBXFileReference; explicitFileType = wrapper.application; includeInIndex = 0; path = LightUpTheWay.app; sourceTree = BUILT_PRODUCTS_DIR; };
		409E71151B8830540009A36E /* Info.plist */ = {isa = PBXFileReference; lastKnownFileType = text.plist.xml; path = Info.plist; sourceTree = "<group>"; };
		409E71161B8830540009A36E /* main.m */ = {isa = PBXFileReference; lastKnownFileType = sourcecode.c.objc; path = main.m; sourceTree = "<group>"; };
		409E71211B8830540009A36E /* Images.xcassets */ = {isa = PBXFileReference; lastKnownFileType = folder.assetcatalog; path = Images.xcassets; sourceTree = "<group>"; };
		409E71241B8830540009A36E /* Base */ = {isa = PBXFileReference; lastKnownFileType = file.xib; name = Base; path = Base.lproj/LaunchScreen.xib; sourceTree = "<group>"; };
		409E712A1B8830540009A36E /* LightUpTheWayTests.xctest */ = {isa = PBXFileReference; explicitFileType = wrapper.cfbundle; includeInIndex = 0; path = LightUpTheWayTests.xctest; sourceTree = BUILT_PRODUCTS_DIR; };
		409E712F1B8830540009A36E /* Info.plist */ = {isa = PBXFileReference; lastKnownFileType = text.plist.xml; path = Info.plist; sourceTree = "<group>"; };
		409E71301B8830540009A36E /* Light_Up_The_WayTests.m */ = {isa = PBXFileReference; lastKnownFileType = sourcecode.c.objc; path = Light_Up_The_WayTests.m; sourceTree = "<group>"; };
		409E716B1B8852650009A36E /* PAWActivityView.h */ = {isa = PBXFileReference; fileEncoding = 4; lastKnownFileType = sourcecode.c.h; path = PAWActivityView.h; sourceTree = "<group>"; };
		409E716C1B8852650009A36E /* PAWActivityView.m */ = {isa = PBXFileReference; fileEncoding = 4; lastKnownFileType = sourcecode.c.objc; path = PAWActivityView.m; sourceTree = "<group>"; };
		409E716D1B8852650009A36E /* LUTWAppDelegate.h */ = {isa = PBXFileReference; fileEncoding = 4; lastKnownFileType = sourcecode.c.h; path = LUTWAppDelegate.h; sourceTree = "<group>"; };
		409E716E1B8852650009A36E /* LUTWAppDelegate.m */ = {isa = PBXFileReference; fileEncoding = 4; lastKnownFileType = sourcecode.c.objc; path = LUTWAppDelegate.m; sourceTree = "<group>"; };
		409E716F1B8852650009A36E /* PAWConfigManager.h */ = {isa = PBXFileReference; fileEncoding = 4; lastKnownFileType = sourcecode.c.h; path = PAWConfigManager.h; sourceTree = "<group>"; };
		409E71701B8852650009A36E /* PAWConfigManager.m */ = {isa = PBXFileReference; fileEncoding = 4; lastKnownFileType = sourcecode.c.objc; path = PAWConfigManager.m; sourceTree = "<group>"; };
		409E71711B8852650009A36E /* PAWConstants.h */ = {isa = PBXFileReference; fileEncoding = 4; lastKnownFileType = sourcecode.c.h; path = PAWConstants.h; sourceTree = "<group>"; };
		409E71721B8852650009A36E /* PAWLoginViewController.h */ = {isa = PBXFileReference; fileEncoding = 4; lastKnownFileType = sourcecode.c.h; path = PAWLoginViewController.h; sourceTree = "<group>"; };
		409E71731B8852650009A36E /* PAWLoginViewController.m */ = {isa = PBXFileReference; fileEncoding = 4; lastKnownFileType = sourcecode.c.objc; path = PAWLoginViewController.m; sourceTree = "<group>"; };
		409E71741B8852650009A36E /* PAWLoginViewController.xib */ = {isa = PBXFileReference; fileEncoding = 4; lastKnownFileType = file.xib; path = PAWLoginViewController.xib; sourceTree = "<group>"; };
		409E71751B8852650009A36E /* PAWNewUserViewController.h */ = {isa = PBXFileReference; fileEncoding = 4; lastKnownFileType = sourcecode.c.h; path = PAWNewUserViewController.h; sourceTree = "<group>"; };
		409E71761B8852650009A36E /* PAWNewUserViewController.m */ = {isa = PBXFileReference; fileEncoding = 4; lastKnownFileType = sourcecode.c.objc; path = PAWNewUserViewController.m; sourceTree = "<group>"; };
		409E71771B8852650009A36E /* PAWNewUserViewController.xib */ = {isa = PBXFileReference; fileEncoding = 4; lastKnownFileType = file.xib; path = PAWNewUserViewController.xib; sourceTree = "<group>"; };
		409E71781B8852650009A36E /* PAWPost.h */ = {isa = PBXFileReference; fileEncoding = 4; lastKnownFileType = sourcecode.c.h; path = PAWPost.h; sourceTree = "<group>"; };
		409E71791B8852650009A36E /* PAWPost.m */ = {isa = PBXFileReference; fileEncoding = 4; lastKnownFileType = sourcecode.c.objc; path = PAWPost.m; sourceTree = "<group>"; };
		409E717A1B8852650009A36E /* PAWPostTableViewCell.h */ = {isa = PBXFileReference; fileEncoding = 4; lastKnownFileType = sourcecode.c.h; path = PAWPostTableViewCell.h; sourceTree = "<group>"; };
		409E717B1B8852650009A36E /* PAWPostTableViewCell.m */ = {isa = PBXFileReference; fileEncoding = 4; lastKnownFileType = sourcecode.c.objc; path = PAWPostTableViewCell.m; sourceTree = "<group>"; };
		409E717C1B8852650009A36E /* PAWSettingsViewController.h */ = {isa = PBXFileReference; fileEncoding = 4; lastKnownFileType = sourcecode.c.h; path = PAWSettingsViewController.h; sourceTree = "<group>"; };
		409E717D1B8852650009A36E /* PAWSettingsViewController.m */ = {isa = PBXFileReference; fileEncoding = 4; lastKnownFileType = sourcecode.c.objc; path = PAWSettingsViewController.m; sourceTree = "<group>"; };
		409E717E1B8852650009A36E /* PAWSettingsViewController.xib */ = {isa = PBXFileReference; fileEncoding = 4; lastKnownFileType = file.xib; path = PAWSettingsViewController.xib; sourceTree = "<group>"; };
		409E717F1B8852650009A36E /* PAWWallPostCreateViewController.h */ = {isa = PBXFileReference; fileEncoding = 4; lastKnownFileType = sourcecode.c.h; path = PAWWallPostCreateViewController.h; sourceTree = "<group>"; };
		409E71801B8852650009A36E /* PAWWallPostCreateViewController.m */ = {isa = PBXFileReference; fileEncoding = 4; lastKnownFileType = sourcecode.c.objc; path = PAWWallPostCreateViewController.m; sourceTree = "<group>"; };
		409E71811B8852650009A36E /* PAWWallPostCreateViewController.xib */ = {isa = PBXFileReference; fileEncoding = 4; lastKnownFileType = file.xib; path = PAWWallPostCreateViewController.xib; sourceTree = "<group>"; };
		409E71821B8852650009A36E /* PAWWallPostsTableViewController.h */ = {isa = PBXFileReference; fileEncoding = 4; lastKnownFileType = sourcecode.c.h; path = PAWWallPostsTableViewController.h; sourceTree = "<group>"; };
		409E71831B8852650009A36E /* PAWWallPostsTableViewController.m */ = {isa = PBXFileReference; fileEncoding = 4; lastKnownFileType = sourcecode.c.objc; path = PAWWallPostsTableViewController.m; sourceTree = "<group>"; };
		409E71841B8852650009A36E /* PAWWallViewController.h */ = {isa = PBXFileReference; fileEncoding = 4; lastKnownFileType = sourcecode.c.h; path = PAWWallViewController.h; sourceTree = "<group>"; };
		409E71851B8852650009A36E /* PAWWallViewController.m */ = {isa = PBXFileReference; fileEncoding = 4; lastKnownFileType = sourcecode.c.objc; path = PAWWallViewController.m; sourceTree = "<group>"; };
		409E71861B8852650009A36E /* PAWWallViewController.xib */ = {isa = PBXFileReference; fileEncoding = 4; lastKnownFileType = file.xib; path = PAWWallViewController.xib; sourceTree = "<group>"; };
		409E71871B8852650009A36E /* PAWWelcomeViewController.xib */ = {isa = PBXFileReference; fileEncoding = 4; lastKnownFileType = file.xib; path = PAWWelcomeViewController.xib; sourceTree = "<group>"; };
		409E719C1B8854950009A36E /* LightUpTheWay-Prefix.pch */ = {isa = PBXFileReference; lastKnownFileType = sourcecode.c.h; path = "LightUpTheWay-Prefix.pch"; sourceTree = "<group>"; };
		409E719D1B8855760009A36E /* QuartzCore.framework */ = {isa = PBXFileReference; lastKnownFileType = wrapper.framework; name = QuartzCore.framework; path = System/Library/Frameworks/QuartzCore.framework; sourceTree = SDKROOT; };
		409E719F1B88557E0009A36E /* Security.framework */ = {isa = PBXFileReference; lastKnownFileType = wrapper.framework; name = Security.framework; path = System/Library/Frameworks/Security.framework; sourceTree = SDKROOT; };
		409E71A11B88558A0009A36E /* Foundation.framework */ = {isa = PBXFileReference; lastKnownFileType = wrapper.framework; name = Foundation.framework; path = System/Library/Frameworks/Foundation.framework; sourceTree = SDKROOT; };
		409E71A31B8855920009A36E /* UIKit.framework */ = {isa = PBXFileReference; lastKnownFileType = wrapper.framework; name = UIKit.framework; path = System/Library/Frameworks/UIKit.framework; sourceTree = SDKROOT; };
		409E71A51B8855990009A36E /* MapKit.framework */ = {isa = PBXFileReference; lastKnownFileType = wrapper.framework; name = MapKit.framework; path = System/Library/Frameworks/MapKit.framework; sourceTree = SDKROOT; };
		409E71A71B8855A10009A36E /* CoreLocation.framework */ = {isa = PBXFileReference; lastKnownFileType = wrapper.framework; name = CoreLocation.framework; path = System/Library/Frameworks/CoreLocation.framework; sourceTree = SDKROOT; };
		409E71A91B8855A70009A36E /* CoreGraphics.framework */ = {isa = PBXFileReference; lastKnownFileType = wrapper.framework; name = CoreGraphics.framework; path = System/Library/Frameworks/CoreGraphics.framework; sourceTree = SDKROOT; };
		409E71AB1B8855AE0009A36E /* AudioToolbox.framework */ = {isa = PBXFileReference; lastKnownFileType = wrapper.framework; name = AudioToolbox.framework; path = System/Library/Frameworks/AudioToolbox.framework; sourceTree = SDKROOT; };
		409E71AD1B8855B50009A36E /* CFNetwork.framework */ = {isa = PBXFileReference; lastKnownFileType = wrapper.framework; name = CFNetwork.framework; path = System/Library/Frameworks/CFNetwork.framework; sourceTree = SDKROOT; };
		409E71AF1B8855BF0009A36E /* SystemConfiguration.framework */ = {isa = PBXFileReference; lastKnownFileType = wrapper.framework; name = SystemConfiguration.framework; path = System/Library/Frameworks/SystemConfiguration.framework; sourceTree = SDKROOT; };
		409E71B11B8855C70009A36E /* MobileCoreServices.framework */ = {isa = PBXFileReference; lastKnownFileType = wrapper.framework; name = MobileCoreServices.framework; path = System/Library/Frameworks/MobileCoreServices.framework; sourceTree = SDKROOT; };
		409E71B31B8855D10009A36E /* libz.1.1.3.dylib */ = {isa = PBXFileReference; lastKnownFileType = "compiled.mach-o.dylib"; name = libz.1.1.3.dylib; path = usr/lib/libz.1.1.3.dylib; sourceTree = SDKROOT; };
		9FF4B76707DC9602BCB59E39 /* libPods.a */ = {isa = PBXFileReference; explicitFileType = archive.ar; includeInIndex = 0; path = libPods.a; sourceTree = BUILT_PRODUCTS_DIR; };
		E4327142681318222A32A1E6 /* Pods.debug.xcconfig */ = {isa = PBXFileReference; includeInIndex = 1; lastKnownFileType = text.xcconfig; name = Pods.debug.xcconfig; path = "Pods/Target Support Files/Pods/Pods.debug.xcconfig"; sourceTree = "<group>"; };
/* End PBXFileReference section */

/* Begin PBXFrameworksBuildPhase section */
		409E710E1B8830540009A36E /* Frameworks */ = {
			isa = PBXFrameworksBuildPhase;
			buildActionMask = 2147483647;
			files = (
				409E71B61B8855DC0009A36E /* QuartzCore.framework in Frameworks */,
				409E71B51B8855D70009A36E /* Security.framework in Frameworks */,
				409E71B41B8855D10009A36E /* libz.1.1.3.dylib in Frameworks */,
				409E71B21B8855C70009A36E /* MobileCoreServices.framework in Frameworks */,
				409E71B01B8855BF0009A36E /* SystemConfiguration.framework in Frameworks */,
				409E71AE1B8855B50009A36E /* CFNetwork.framework in Frameworks */,
				409E71AC1B8855AE0009A36E /* AudioToolbox.framework in Frameworks */,
				409E71AA1B8855A70009A36E /* CoreGraphics.framework in Frameworks */,
				409E71A81B8855A10009A36E /* CoreLocation.framework in Frameworks */,
				409E71A61B8855990009A36E /* MapKit.framework in Frameworks */,
				409E71A41B8855920009A36E /* UIKit.framework in Frameworks */,
				409E71A21B88558A0009A36E /* Foundation.framework in Frameworks */,
				CCCF4942EEE31E86DD6139F5 /* libPods.a in Frameworks */,
			);
			runOnlyForDeploymentPostprocessing = 0;
		};
		409E71271B8830540009A36E /* Frameworks */ = {
			isa = PBXFrameworksBuildPhase;
			buildActionMask = 2147483647;
			files = (
			);
			runOnlyForDeploymentPostprocessing = 0;
		};
/* End PBXFrameworksBuildPhase section */

/* Begin PBXGroup section */
		260C47837528793124417A96 /* Frameworks */ = {
			isa = PBXGroup;
			children = (
				409E71B31B8855D10009A36E /* libz.1.1.3.dylib */,
				409E71B11B8855C70009A36E /* MobileCoreServices.framework */,
				409E71AF1B8855BF0009A36E /* SystemConfiguration.framework */,
				409E71AD1B8855B50009A36E /* CFNetwork.framework */,
				409E71AB1B8855AE0009A36E /* AudioToolbox.framework */,
				409E71A91B8855A70009A36E /* CoreGraphics.framework */,
				409E71A71B8855A10009A36E /* CoreLocation.framework */,
				409E71A51B8855990009A36E /* MapKit.framework */,
				409E71A31B8855920009A36E /* UIKit.framework */,
				409E71A11B88558A0009A36E /* Foundation.framework */,
				409E719F1B88557E0009A36E /* Security.framework */,
				409E719D1B8855760009A36E /* QuartzCore.framework */,
				9FF4B76707DC9602BCB59E39 /* libPods.a */,
			);
			name = Frameworks;
			sourceTree = "<group>";
		};
		409E71081B8830540009A36E = {
			isa = PBXGroup;
			children = (
				409E71131B8830540009A36E /* LightUpTheWay */,
				409E712D1B8830540009A36E /* LightUpTheWayTests */,
				409E71121B8830540009A36E /* Products */,
				D65953EE4E7ADC4F08CB0EBD /* Pods */,
				260C47837528793124417A96 /* Frameworks */,
			);
			sourceTree = "<group>";
		};
		409E71121B8830540009A36E /* Products */ = {
			isa = PBXGroup;
			children = (
				409E71111B8830540009A36E /* LightUpTheWay.app */,
				409E712A1B8830540009A36E /* LightUpTheWayTests.xctest */,
			);
			name = Products;
			sourceTree = "<group>";
		};
		409E71131B8830540009A36E /* LightUpTheWay */ = {
			isa = PBXGroup;
			children = (
				409E716D1B8852650009A36E /* LUTWAppDelegate.h */,
				409E716E1B8852650009A36E /* LUTWAppDelegate.m */,
				409E716F1B8852650009A36E /* PAWConfigManager.h */,
				409E71701B8852650009A36E /* PAWConfigManager.m */,
				409E71711B8852650009A36E /* PAWConstants.h */,
				409E713A1B8849C50009A36E /* Models */,
				409E713C1B8849DC0009A36E /* Views */,
				409E713B1B8849D20009A36E /* Controllers */,
				409E71141B8830540009A36E /* Supporting Files */,
				409E71211B8830540009A36E /* Images.xcassets */,
				409E71231B8830540009A36E /* LaunchScreen.xib */,
			);
			path = LightUpTheWay;
			sourceTree = "<group>";
		};
		409E71141B8830540009A36E /* Supporting Files */ = {
			isa = PBXGroup;
			children = (
				409E71741B8852650009A36E /* PAWLoginViewController.xib */,
				409E71771B8852650009A36E /* PAWNewUserViewController.xib */,
				409E717E1B8852650009A36E /* PAWSettingsViewController.xib */,
				409E71811B8852650009A36E /* PAWWallPostCreateViewController.xib */,
				409E71861B8852650009A36E /* PAWWallViewController.xib */,
				409E71871B8852650009A36E /* PAWWelcomeViewController.xib */,
				409E71151B8830540009A36E /* Info.plist */,
				409E71161B8830540009A36E /* main.m */,
				409E719C1B8854950009A36E /* LightUpTheWay-Prefix.pch */,
			);
			name = "Supporting Files";
			sourceTree = "<group>";
		};
		409E712D1B8830540009A36E /* LightUpTheWayTests */ = {
			isa = PBXGroup;
			children = (
				409E71301B8830540009A36E /* Light_Up_The_WayTests.m */,
				409E712E1B8830540009A36E /* Supporting Files */,
			);
			path = LightUpTheWayTests;
			sourceTree = "<group>";
		};
		409E712E1B8830540009A36E /* Supporting Files */ = {
			isa = PBXGroup;
			children = (
				409E712F1B8830540009A36E /* Info.plist */,
			);
			name = "Supporting Files";
			sourceTree = "<group>";
		};
		409E713A1B8849C50009A36E /* Models */ = {
			isa = PBXGroup;
			children = (
				409E71781B8852650009A36E /* PAWPost.h */,
				409E71791B8852650009A36E /* PAWPost.m */,
			);
			name = Models;
			sourceTree = "<group>";
		};
		409E713B1B8849D20009A36E /* Controllers */ = {
			isa = PBXGroup;
			children = (
				409E71991B8853C20009A36E /* User */,
				409E719A1B8853DB0009A36E /* View and Posts */,
				409E719B1B8854100009A36E /* Settings */,
			);
			name = Controllers;
			sourceTree = "<group>";
		};
		409E713C1B8849DC0009A36E /* Views */ = {
			isa = PBXGroup;
			children = (
				409E716B1B8852650009A36E /* PAWActivityView.h */,
				409E716C1B8852650009A36E /* PAWActivityView.m */,
				409E717A1B8852650009A36E /* PAWPostTableViewCell.h */,
				409E717B1B8852650009A36E /* PAWPostTableViewCell.m */,
			);
			name = Views;
			sourceTree = "<group>";
		};
		409E71991B8853C20009A36E /* User */ = {
			isa = PBXGroup;
			children = (
				409E71721B8852650009A36E /* PAWLoginViewController.h */,
				409E71731B8852650009A36E /* PAWLoginViewController.m */,
				409E71751B8852650009A36E /* PAWNewUserViewController.h */,
				409E71761B8852650009A36E /* PAWNewUserViewController.m */,
			);
			name = User;
			sourceTree = "<group>";
		};
		409E719A1B8853DB0009A36E /* View and Posts */ = {
			isa = PBXGroup;
			children = (
				409E717F1B8852650009A36E /* PAWWallPostCreateViewController.h */,
				409E71801B8852650009A36E /* PAWWallPostCreateViewController.m */,
				409E71821B8852650009A36E /* PAWWallPostsTableViewController.h */,
				409E71831B8852650009A36E /* PAWWallPostsTableViewController.m */,
				409E71841B8852650009A36E /* PAWWallViewController.h */,
				409E71851B8852650009A36E /* PAWWallViewController.m */,
			);
			name = "View and Posts";
			sourceTree = "<group>";
		};
		409E719B1B8854100009A36E /* Settings */ = {
			isa = PBXGroup;
			children = (
				409E717C1B8852650009A36E /* PAWSettingsViewController.h */,
				409E717D1B8852650009A36E /* PAWSettingsViewController.m */,
			);
			name = Settings;
			sourceTree = "<group>";
		};
		D65953EE4E7ADC4F08CB0EBD /* Pods */ = {
			isa = PBXGroup;
			children = (
				E4327142681318222A32A1E6 /* Pods.debug.xcconfig */,
				3ABDB8ED29D962A400DE9FA9 /* Pods.release.xcconfig */,
			);
			name = Pods;
			sourceTree = "<group>";
		};
/* End PBXGroup section */

/* Begin PBXNativeTarget section */
		409E71101B8830540009A36E /* LightUpTheWay */ = {
			isa = PBXNativeTarget;
			buildConfigurationList = 409E71341B8830540009A36E /* Build configuration list for PBXNativeTarget "LightUpTheWay" */;
			buildPhases = (
				EBEE2FB294C9B715A9F346FC /* Check Pods Manifest.lock */,
				409E710D1B8830540009A36E /* Sources */,
				409E710E1B8830540009A36E /* Frameworks */,
				409E710F1B8830540009A36E /* Resources */,
				E2F054E97D0D60BBC4109F7A /* Copy Pods Resources */,
			);
			buildRules = (
			);
			dependencies = (
			);
			name = LightUpTheWay;
			productName = "Light Up The Way";
			productReference = 409E71111B8830540009A36E /* LightUpTheWay.app */;
			productType = "com.apple.product-type.application";
		};
		409E71291B8830540009A36E /* LightUpTheWayTests */ = {
			isa = PBXNativeTarget;
			buildConfigurationList = 409E71371B8830540009A36E /* Build configuration list for PBXNativeTarget "LightUpTheWayTests" */;
			buildPhases = (
				409E71261B8830540009A36E /* Sources */,
				409E71271B8830540009A36E /* Frameworks */,
				409E71281B8830540009A36E /* Resources */,
			);
			buildRules = (
			);
			dependencies = (
				409E712C1B8830540009A36E /* PBXTargetDependency */,
			);
			name = LightUpTheWayTests;
			productName = "Light Up The WayTests";
			productReference = 409E712A1B8830540009A36E /* LightUpTheWayTests.xctest */;
			productType = "com.apple.product-type.bundle.unit-test";
		};
/* End PBXNativeTarget section */

/* Begin PBXProject section */
		409E71091B8830540009A36E /* Project object */ = {
			isa = PBXProject;
			attributes = {
				CLASSPREFIX = LUTW;
				LastUpgradeCheck = 0640;
				TargetAttributes = {
					409E71101B8830540009A36E = {
						CreatedOnToolsVersion = 6.4;
					};
					409E71291B8830540009A36E = {
						CreatedOnToolsVersion = 6.4;
						TestTargetID = 409E71101B8830540009A36E;
					};
				};
			};
			buildConfigurationList = 409E710C1B8830540009A36E /* Build configuration list for PBXProject "LightUpTheWay" */;
			compatibilityVersion = "Xcode 3.2";
			developmentRegion = English;
			hasScannedForEncodings = 0;
			knownRegions = (
				en,
				Base,
			);
			mainGroup = 409E71081B8830540009A36E;
			productRefGroup = 409E71121B8830540009A36E /* Products */;
			projectDirPath = "";
			projectRoot = "";
			targets = (
				409E71101B8830540009A36E /* LightUpTheWay */,
				409E71291B8830540009A36E /* LightUpTheWayTests */,
			);
		};
/* End PBXProject section */

/* Begin PBXResourcesBuildPhase section */
		409E710F1B8830540009A36E /* Resources */ = {
			isa = PBXResourcesBuildPhase;
			buildActionMask = 2147483647;
			files = (
				409E71981B8852650009A36E /* PAWWelcomeViewController.xib in Resources */,
				409E71921B8852650009A36E /* PAWSettingsViewController.xib in Resources */,
				409E71251B8830540009A36E /* LaunchScreen.xib in Resources */,
				409E718E1B8852650009A36E /* PAWNewUserViewController.xib in Resources */,
				409E71941B8852650009A36E /* PAWWallPostCreateViewController.xib in Resources */,
				409E71971B8852650009A36E /* PAWWallViewController.xib in Resources */,
				409E71221B8830540009A36E /* Images.xcassets in Resources */,
				409E718C1B8852650009A36E /* PAWLoginViewController.xib in Resources */,
			);
			runOnlyForDeploymentPostprocessing = 0;
		};
		409E71281B8830540009A36E /* Resources */ = {
			isa = PBXResourcesBuildPhase;
			buildActionMask = 2147483647;
			files = (
			);
			runOnlyForDeploymentPostprocessing = 0;
		};
/* End PBXResourcesBuildPhase section */

/* Begin PBXShellScriptBuildPhase section */
		E2F054E97D0D60BBC4109F7A /* Copy Pods Resources */ = {
			isa = PBXShellScriptBuildPhase;
			buildActionMask = 2147483647;
			files = (
			);
			inputPaths = (
			);
			name = "Copy Pods Resources";
			outputPaths = (
			);
			runOnlyForDeploymentPostprocessing = 0;
			shellPath = /bin/sh;
			shellScript = "\"${SRCROOT}/Pods/Target Support Files/Pods/Pods-resources.sh\"\n";
			showEnvVarsInLog = 0;
		};
		EBEE2FB294C9B715A9F346FC /* Check Pods Manifest.lock */ = {
			isa = PBXShellScriptBuildPhase;
			buildActionMask = 2147483647;
			files = (
			);
			inputPaths = (
			);
			name = "Check Pods Manifest.lock";
			outputPaths = (
			);
			runOnlyForDeploymentPostprocessing = 0;
			shellPath = /bin/sh;
			shellScript = "diff \"${PODS_ROOT}/../Podfile.lock\" \"${PODS_ROOT}/Manifest.lock\" > /dev/null\nif [[ $? != 0 ]] ; then\n    cat << EOM\nerror: The sandbox is not in sync with the Podfile.lock. Run 'pod install' or update your CocoaPods installation.\nEOM\n    exit 1\nfi\n";
			showEnvVarsInLog = 0;
		};
/* End PBXShellScriptBuildPhase section */

/* Begin PBXSourcesBuildPhase section */
		409E710D1B8830540009A36E /* Sources */ = {
			isa = PBXSourcesBuildPhase;
			buildActionMask = 2147483647;
			files = (
				409E71931B8852650009A36E /* PAWWallPostCreateViewController.m in Sources */,
				409E718A1B8852650009A36E /* PAWConfigManager.m in Sources */,
				409E718B1B8852650009A36E /* PAWLoginViewController.m in Sources */,
				409E718F1B8852650009A36E /* PAWPost.m in Sources */,
				409E71881B8852650009A36E /* PAWActivityView.m in Sources */,
				409E71911B8852650009A36E /* PAWSettingsViewController.m in Sources */,
				409E71901B8852650009A36E /* PAWPostTableViewCell.m in Sources */,
				409E71951B8852650009A36E /* PAWWallPostsTableViewController.m in Sources */,
				409E71171B8830540009A36E /* main.m in Sources */,
				409E71891B8852650009A36E /* LUTWAppDelegate.m in Sources */,
				409E718D1B8852650009A36E /* PAWNewUserViewController.m in Sources */,
				409E71961B8852650009A36E /* PAWWallViewController.m in Sources */,
			);
			runOnlyForDeploymentPostprocessing = 0;
		};
		409E71261B8830540009A36E /* Sources */ = {
			isa = PBXSourcesBuildPhase;
			buildActionMask = 2147483647;
			files = (
				409E71311B8830540009A36E /* Light_Up_The_WayTests.m in Sources */,
			);
			runOnlyForDeploymentPostprocessing = 0;
		};
/* End PBXSourcesBuildPhase section */

/* Begin PBXTargetDependency section */
		409E712C1B8830540009A36E /* PBXTargetDependency */ = {
			isa = PBXTargetDependency;
			target = 409E71101B8830540009A36E /* LightUpTheWay */;
			targetProxy = 409E712B1B8830540009A36E /* PBXContainerItemProxy */;
		};
/* End PBXTargetDependency section */

/* Begin PBXVariantGroup section */
		409E71231B8830540009A36E /* LaunchScreen.xib */ = {
			isa = PBXVariantGroup;
			children = (
				409E71241B8830540009A36E /* Base */,
			);
			name = LaunchScreen.xib;
			sourceTree = "<group>";
		};
/* End PBXVariantGroup section */

/* Begin XCBuildConfiguration section */
		409E71321B8830540009A36E /* Debug */ = {
			isa = XCBuildConfiguration;
			buildSettings = {
				ALWAYS_SEARCH_USER_PATHS = NO;
				CLANG_CXX_LANGUAGE_STANDARD = "gnu++0x";
				CLANG_CXX_LIBRARY = "libc++";
				CLANG_ENABLE_MODULES = YES;
				CLANG_ENABLE_OBJC_ARC = YES;
				CLANG_WARN_BOOL_CONVERSION = YES;
				CLANG_WARN_CONSTANT_CONVERSION = YES;
				CLANG_WARN_DIRECT_OBJC_ISA_USAGE = YES_ERROR;
				CLANG_WARN_EMPTY_BODY = YES;
				CLANG_WARN_ENUM_CONVERSION = YES;
				CLANG_WARN_INT_CONVERSION = YES;
				CLANG_WARN_OBJC_ROOT_CLASS = YES_ERROR;
				CLANG_WARN_UNREACHABLE_CODE = YES;
				CLANG_WARN__DUPLICATE_METHOD_MATCH = YES;
				"CODE_SIGN_IDENTITY[sdk=iphoneos*]" = "iPhone Developer";
				COPY_PHASE_STRIP = NO;
				DEBUG_INFORMATION_FORMAT = "dwarf-with-dsym";
				ENABLE_STRICT_OBJC_MSGSEND = YES;
				GCC_C_LANGUAGE_STANDARD = gnu99;
				GCC_DYNAMIC_NO_PIC = NO;
				GCC_NO_COMMON_BLOCKS = YES;
				GCC_OPTIMIZATION_LEVEL = 0;
				GCC_PREPROCESSOR_DEFINITIONS = (
					"DEBUG=1",
					"$(inherited)",
				);
				GCC_SYMBOLS_PRIVATE_EXTERN = NO;
				GCC_WARN_64_TO_32_BIT_CONVERSION = YES;
				GCC_WARN_ABOUT_RETURN_TYPE = YES_ERROR;
				GCC_WARN_UNDECLARED_SELECTOR = YES;
				GCC_WARN_UNINITIALIZED_AUTOS = YES_AGGRESSIVE;
				GCC_WARN_UNUSED_FUNCTION = YES;
				GCC_WARN_UNUSED_VARIABLE = YES;
				IPHONEOS_DEPLOYMENT_TARGET = 8.4;
				MTL_ENABLE_DEBUG_INFO = YES;
				ONLY_ACTIVE_ARCH = YES;
				SDKROOT = iphoneos;
				TARGETED_DEVICE_FAMILY = "1,2";
			};
			name = Debug;
		};
		409E71331B8830540009A36E /* Release */ = {
			isa = XCBuildConfiguration;
			buildSettings = {
				ALWAYS_SEARCH_USER_PATHS = NO;
				CLANG_CXX_LANGUAGE_STANDARD = "gnu++0x";
				CLANG_CXX_LIBRARY = "libc++";
				CLANG_ENABLE_MODULES = YES;
				CLANG_ENABLE_OBJC_ARC = YES;
				CLANG_WARN_BOOL_CONVERSION = YES;
				CLANG_WARN_CONSTANT_CONVERSION = YES;
				CLANG_WARN_DIRECT_OBJC_ISA_USAGE = YES_ERROR;
				CLANG_WARN_EMPTY_BODY = YES;
				CLANG_WARN_ENUM_CONVERSION = YES;
				CLANG_WARN_INT_CONVERSION = YES;
				CLANG_WARN_OBJC_ROOT_CLASS = YES_ERROR;
				CLANG_WARN_UNREACHABLE_CODE = YES;
				CLANG_WARN__DUPLICATE_METHOD_MATCH = YES;
				"CODE_SIGN_IDENTITY[sdk=iphoneos*]" = "iPhone Developer";
				COPY_PHASE_STRIP = NO;
				DEBUG_INFORMATION_FORMAT = "dwarf-with-dsym";
				ENABLE_NS_ASSERTIONS = NO;
				ENABLE_STRICT_OBJC_MSGSEND = YES;
				GCC_C_LANGUAGE_STANDARD = gnu99;
				GCC_NO_COMMON_BLOCKS = YES;
				GCC_WARN_64_TO_32_BIT_CONVERSION = YES;
				GCC_WARN_ABOUT_RETURN_TYPE = YES_ERROR;
				GCC_WARN_UNDECLARED_SELECTOR = YES;
				GCC_WARN_UNINITIALIZED_AUTOS = YES_AGGRESSIVE;
				GCC_WARN_UNUSED_FUNCTION = YES;
				GCC_WARN_UNUSED_VARIABLE = YES;
				IPHONEOS_DEPLOYMENT_TARGET = 8.4;
				MTL_ENABLE_DEBUG_INFO = NO;
				SDKROOT = iphoneos;
				TARGETED_DEVICE_FAMILY = "1,2";
				VALIDATE_PRODUCT = YES;
			};
			name = Release;
		};
		409E71351B8830540009A36E /* Debug */ = {
			isa = XCBuildConfiguration;
			baseConfigurationReference = E4327142681318222A32A1E6 /* Pods.debug.xcconfig */;
			buildSettings = {
				ASSETCATALOG_COMPILER_APPICON_NAME = AppIcon;
				GCC_PRECOMPILE_PREFIX_HEADER = YES;
				GCC_PREFIX_HEADER = "LightUpTheWay/LightUpTheWay-Prefix.pch";
				INFOPLIST_FILE = LightUpTheWay/Info.plist;
				IPHONEOS_DEPLOYMENT_TARGET = 7.0;
				LD_RUNPATH_SEARCH_PATHS = "$(inherited) @executable_path/Frameworks";
				PRODUCT_NAME = LightUpTheWay;
			};
			name = Debug;
		};
		409E71361B8830540009A36E /* Release */ = {
			isa = XCBuildConfiguration;
			baseConfigurationReference = 3ABDB8ED29D962A400DE9FA9 /* Pods.release.xcconfig */;
			buildSettings = {
				ASSETCATALOG_COMPILER_APPICON_NAME = AppIcon;
				GCC_PRECOMPILE_PREFIX_HEADER = YES;
				GCC_PREFIX_HEADER = "LightUpTheWay/LightUpTheWay-Prefix.pch";
				INFOPLIST_FILE = LightUpTheWay/Info.plist;
				IPHONEOS_DEPLOYMENT_TARGET = 7.0;
				LD_RUNPATH_SEARCH_PATHS = "$(inherited) @executable_path/Frameworks";
				PRODUCT_NAME = LightUpTheWay;
			};
			name = Release;
		};
		409E71381B8830540009A36E /* Debug */ = {
			isa = XCBuildConfiguration;
			buildSettings = {
				BUNDLE_LOADER = "$(TEST_HOST)";
				FRAMEWORK_SEARCH_PATHS = (
					"$(SDKROOT)/Developer/Library/Frameworks",
					"$(inherited)",
				);
				GCC_PREPROCESSOR_DEFINITIONS = (
					"DEBUG=1",
					"$(inherited)",
				);
				INFOPLIST_FILE = LightUpTheWayTests/Info.plist;
				LD_RUNPATH_SEARCH_PATHS = "$(inherited) @executable_path/Frameworks @loader_path/Frameworks";
				PRODUCT_NAME = LightUpTheWayTests;
				TEST_HOST = "$(BUILT_PRODUCTS_DIR)/LightUpTheWay.app/LightUpTheWay";
			};
			name = Debug;
		};
		409E71391B8830540009A36E /* Release */ = {
			isa = XCBuildConfiguration;
			buildSettings = {
				BUNDLE_LOADER = "$(TEST_HOST)";
				FRAMEWORK_SEARCH_PATHS = (
					"$(SDKROOT)/Developer/Library/Frameworks",
					"$(inherited)",
				);
				INFOPLIST_FILE = LightUpTheWayTests/Info.plist;
				LD_RUNPATH_SEARCH_PATHS = "$(inherited) @executable_path/Frameworks @loader_path/Frameworks";
				PRODUCT_NAME = LightUpTheWayTests;
				TEST_HOST = "$(BUILT_PRODUCTS_DIR)/LightUpTheWay.app/LightUpTheWay";
			};
			name = Release;
		};
/* End XCBuildConfiguration section */

/* Begin XCConfigurationList section */
		409E710C1B8830540009A36E /* Build configuration list for PBXProject "LightUpTheWay" */ = {
			isa = XCConfigurationList;
			buildConfigurations = (
				409E71321B8830540009A36E /* Debug */,
				409E71331B8830540009A36E /* Release */,
			);
			defaultConfigurationIsVisible = 0;
			defaultConfigurationName = Release;
		};
		409E71341B8830540009A36E /* Build configuration list for PBXNativeTarget "LightUpTheWay" */ = {
			isa = XCConfigurationList;
			buildConfigurations = (
				409E71351B8830540009A36E /* Debug */,
				409E71361B8830540009A36E /* Release */,
			);
			defaultConfigurationIsVisible = 0;
			defaultConfigurationName = Release;
		};
		409E71371B8830540009A36E /* Build configuration list for PBXNativeTarget "LightUpTheWayTests" */ = {
			isa = XCConfigurationList;
			buildConfigurations = (
				409E71381B8830540009A36E /* Debug */,
				409E71391B8830540009A36E /* Release */,
			);
			defaultConfigurationIsVisible = 0;
			defaultConfigurationName = Release;
		};
/* End XCConfigurationList section */
	};
	rootObject = 409E71091B8830540009A36E /* Project object */;
}
