// !$*UTF8*$!
{
	archiveVersion = 1;
	classes = {
	};
	objectVersion = 46;
	objects = {

/* Begin PBXBuildFile section */
		409E71171B8830540009A36E /* main.m in Sources */ = {isa = PBXBuildFile; fileRef = 409E71161B8830540009A36E /* main.m */; };
		409E711A1B8830540009A36E /* LUTWAppDelegate.m in Sources */ = {isa = PBXBuildFile; fileRef = 409E71191B8830540009A36E /* LUTWAppDelegate.m */; };
		409E71221B8830540009A36E /* Images.xcassets in Resources */ = {isa = PBXBuildFile; fileRef = 409E71211B8830540009A36E /* Images.xcassets */; };
		409E71251B8830540009A36E /* LaunchScreen.xib in Resources */ = {isa = PBXBuildFile; fileRef = 409E71231B8830540009A36E /* LaunchScreen.xib */; };
		409E71311B8830540009A36E /* Light_Up_The_WayTests.m in Sources */ = {isa = PBXBuildFile; fileRef = 409E71301B8830540009A36E /* Light_Up_The_WayTests.m */; };
		CCCF4942EEE31E86DD6139F5 /* libPods.a in Frameworks */ = {isa = PBXBuildFile; fileRef = 9FF4B76707DC9602BCB59E39 /* libPods.a */; };
/* End PBXBuildFile section */

/* Begin PBXContainerItemProxy section */
		409E712B1B8830540009A36E /* PBXContainerItemProxy */ = {
			isa = PBXContainerItemProxy;
			containerPortal = 409E71091B8830540009A36E /* Project object */;
			proxyType = 1;
			remoteGlobalIDString = 409E71101B8830540009A36E;
			remoteInfo = "Light Up The Way";
		};
/* End PBXContainerItemProxy section */

/* Begin PBXFileReference section */
		3ABDB8ED29D962A400DE9FA9 /* Pods.release.xcconfig */ = {isa = PBXFileReference; includeInIndex = 1; lastKnownFileType = text.xcconfig; name = Pods.release.xcconfig; path = "Pods/Target Support Files/Pods/Pods.release.xcconfig"; sourceTree = "<group>"; };
		409E71111B8830540009A36E /* Light Up The Way.app */ = {isa = PBXFileReference; explicitFileType = wrapper.application; includeInIndex = 0; path = "Light Up The Way.app"; sourceTree = BUILT_PRODUCTS_DIR; };
		409E71151B8830540009A36E /* Info.plist */ = {isa = PBXFileReference; lastKnownFileType = text.plist.xml; path = Info.plist; sourceTree = "<group>"; };
		409E71161B8830540009A36E /* main.m */ = {isa = PBXFileReference; lastKnownFileType = sourcecode.c.objc; path = main.m; sourceTree = "<group>"; };
		409E71181B8830540009A36E /* LUTWAppDelegate.h */ = {isa = PBXFileReference; lastKnownFileType = sourcecode.c.h; path = LUTWAppDelegate.h; sourceTree = "<group>"; };
		409E71191B8830540009A36E /* LUTWAppDelegate.m */ = {isa = PBXFileReference; lastKnownFileType = sourcecode.c.objc; path = LUTWAppDelegate.m; sourceTree = "<group>"; };
		409E71211B8830540009A36E /* Images.xcassets */ = {isa = PBXFileReference; lastKnownFileType = folder.assetcatalog; path = Images.xcassets; sourceTree = "<group>"; };
		409E71241B8830540009A36E /* Base */ = {isa = PBXFileReference; lastKnownFileType = file.xib; name = Base; path = Base.lproj/LaunchScreen.xib; sourceTree = "<group>"; };
		409E712A1B8830540009A36E /* Light Up The WayTests.xctest */ = {isa = PBXFileReference; explicitFileType = wrapper.cfbundle; includeInIndex = 0; path = "Light Up The WayTests.xctest"; sourceTree = BUILT_PRODUCTS_DIR; };
		409E712F1B8830540009A36E /* Info.plist */ = {isa = PBXFileReference; lastKnownFileType = text.plist.xml; path = Info.plist; sourceTree = "<group>"; };
		409E71301B8830540009A36E /* Light_Up_The_WayTests.m */ = {isa = PBXFileReference; lastKnownFileType = sourcecode.c.objc; path = Light_Up_The_WayTests.m; sourceTree = "<group>"; };
		9FF4B76707DC9602BCB59E39 /* libPods.a */ = {isa = PBXFileReference; explicitFileType = archive.ar; includeInIndex = 0; path = libPods.a; sourceTree = BUILT_PRODUCTS_DIR; };
		E4327142681318222A32A1E6 /* Pods.debug.xcconfig */ = {isa = PBXFileReference; includeInIndex = 1; lastKnownFileType = text.xcconfig; name = Pods.debug.xcconfig; path = "Pods/Target Support Files/Pods/Pods.debug.xcconfig"; sourceTree = "<group>"; };
/* End PBXFileReference section */

/* Begin PBXFrameworksBuildPhase section */
		409E710E1B8830540009A36E /* Frameworks */ = {
			isa = PBXFrameworksBuildPhase;
			buildActionMask = 2147483647;
			files = (
				CCCF4942EEE31E86DD6139F5 /* libPods.a in Frameworks */,
			);
			runOnlyForDeploymentPostprocessing = 0;
		};
		409E71271B8830540009A36E /* Frameworks */ = {
			isa = PBXFrameworksBuildPhase;
			buildActionMask = 2147483647;
			files = (
			);
			runOnlyForDeploymentPostprocessing = 0;
		};
/* End PBXFrameworksBuildPhase section */

/* Begin PBXGroup section */
		260C47837528793124417A96 /* Frameworks */ = {
			isa = PBXGroup;
			children = (
				9FF4B76707DC9602BCB59E39 /* libPods.a */,
			);
			name = Frameworks;
			sourceTree = "<group>";
		};
		409E71081B8830540009A36E = {
			isa = PBXGroup;
			children = (
				409E71131B8830540009A36E /* Light Up The Way */,
				409E712D1B8830540009A36E /* Light Up The WayTests */,
				409E71121B8830540009A36E /* Products */,
				D65953EE4E7ADC4F08CB0EBD /* Pods */,
				260C47837528793124417A96 /* Frameworks */,
			);
			sourceTree = "<group>";
		};
		409E71121B8830540009A36E /* Products */ = {
			isa = PBXGroup;
			children = (
				409E71111B8830540009A36E /* Light Up The Way.app */,
				409E712A1B8830540009A36E /* Light Up The WayTests.xctest */,
			);
			name = Products;
			sourceTree = "<group>";
		};
		409E71131B8830540009A36E /* Light Up The Way */ = {
			isa = PBXGroup;
			children = (
				409E71211B8830540009A36E /* Images.xcassets */,
				409E71231B8830540009A36E /* LaunchScreen.xib */,
				409E71181B8830540009A36E /* LUTWAppDelegate.h */,
				409E71191B8830540009A36E /* LUTWAppDelegate.m */,
				409E713A1B8849C50009A36E /* Models */,
				409E71141B8830540009A36E /* Supporting Files */,
				409E713B1B8849D20009A36E /* ViewControllers */,
				409E713C1B8849DC0009A36E /* Views */,
			);
			path = "Light Up The Way";
			sourceTree = "<group>";
		};
		409E71141B8830540009A36E /* Supporting Files */ = {
			isa = PBXGroup;
			children = (
				409E71151B8830540009A36E /* Info.plist */,
				409E71161B8830540009A36E /* main.m */,
			);
			name = "Supporting Files";
			sourceTree = "<group>";
		};
		409E712D1B8830540009A36E /* Light Up The WayTests */ = {
			isa = PBXGroup;
			children = (
				409E71301B8830540009A36E /* Light_Up_The_WayTests.m */,
				409E712E1B8830540009A36E /* Supporting Files */,
			);
			path = "Light Up The WayTests";
			sourceTree = "<group>";
		};
		409E712E1B8830540009A36E /* Supporting Files */ = {
			isa = PBXGroup;
			children = (
				409E712F1B8830540009A36E /* Info.plist */,
			);
			name = "Supporting Files";
			sourceTree = "<group>";
		};
		409E713A1B8849C50009A36E /* Models */ = {
			isa = PBXGroup;
			children = (
			);
			name = Models;
			sourceTree = "<group>";
		};
		409E713B1B8849D20009A36E /* ViewControllers */ = {
			isa = PBXGroup;
			children = (
			);
			name = ViewControllers;
			sourceTree = "<group>";
		};
		409E713C1B8849DC0009A36E /* Views */ = {
			isa = PBXGroup;
			children = (
			);
			name = Views;
			sourceTree = "<group>";
		};
		D65953EE4E7ADC4F08CB0EBD /* Pods */ = {
			isa = PBXGroup;
			children = (
				E4327142681318222A32A1E6 /* Pods.debug.xcconfig */,
				3ABDB8ED29D962A400DE9FA9 /* Pods.release.xcconfig */,
			);
			name = Pods;
			sourceTree = "<group>";
		};
/* End PBXGroup section */

/* Begin PBXNativeTarget section */
		409E71101B8830540009A36E /* Light Up The Way */ = {
			isa = PBXNativeTarget;
			buildConfigurationList = 409E71341B8830540009A36E /* Build configuration list for PBXNativeTarget "Light Up The Way" */;
			buildPhases = (
				EBEE2FB294C9B715A9F346FC /* Check Pods Manifest.lock */,
				409E710D1B8830540009A36E /* Sources */,
				409E710E1B8830540009A36E /* Frameworks */,
				409E710F1B8830540009A36E /* Resources */,
				E2F054E97D0D60BBC4109F7A /* Copy Pods Resources */,
			);
			buildRules = (
			);
			dependencies = (
			);
			name = "Light Up The Way";
			productName = "Light Up The Way";
			productReference = 409E71111B8830540009A36E /* Light Up The Way.app */;
			productType = "com.apple.product-type.application";
		};
		409E71291B8830540009A36E /* Light Up The WayTests */ = {
			isa = PBXNativeTarget;
			buildConfigurationList = 409E71371B8830540009A36E /* Build configuration list for PBXNativeTarget "Light Up The WayTests" */;
			buildPhases = (
				409E71261B8830540009A36E /* Sources */,
				409E71271B8830540009A36E /* Frameworks */,
				409E71281B8830540009A36E /* Resources */,
			);
			buildRules = (
			);
			dependencies = (
				409E712C1B8830540009A36E /* PBXTargetDependency */,
			);
			name = "Light Up The WayTests";
			productName = "Light Up The WayTests";
			productReference = 409E712A1B8830540009A36E /* Light Up The WayTests.xctest */;
			productType = "com.apple.product-type.bundle.unit-test";
		};
/* End PBXNativeTarget section */

/* Begin PBXProject section */
		409E71091B8830540009A36E /* Project object */ = {
			isa = PBXProject;
			attributes = {
				CLASSPREFIX = LUTW;
				LastUpgradeCheck = 0640;
				TargetAttributes = {
					409E71101B8830540009A36E = {
						CreatedOnToolsVersion = 6.4;
					};
					409E71291B8830540009A36E = {
						CreatedOnToolsVersion = 6.4;
						TestTargetID = 409E71101B8830540009A36E;
					};
				};
			};
			buildConfigurationList = 409E710C1B8830540009A36E /* Build configuration list for PBXProject "Light Up The Way" */;
			compatibilityVersion = "Xcode 3.2";
			developmentRegion = English;
			hasScannedForEncodings = 0;
			knownRegions = (
				en,
				Base,
			);
			mainGroup = 409E71081B8830540009A36E;
			productRefGroup = 409E71121B8830540009A36E /* Products */;
			projectDirPath = "";
			projectRoot = "";
			targets = (
				409E71101B8830540009A36E /* Light Up The Way */,
				409E71291B8830540009A36E /* Light Up The WayTests */,
			);
		};
/* End PBXProject section */

/* Begin PBXResourcesBuildPhase section */
		409E710F1B8830540009A36E /* Resources */ = {
			isa = PBXResourcesBuildPhase;
			buildActionMask = 2147483647;
			files = (
				409E71251B8830540009A36E /* LaunchScreen.xib in Resources */,
				409E71221B8830540009A36E /* Images.xcassets in Resources */,
			);
			runOnlyForDeploymentPostprocessing = 0;
		};
		409E71281B8830540009A36E /* Resources */ = {
			isa = PBXResourcesBuildPhase;
			buildActionMask = 2147483647;
			files = (
			);
			runOnlyForDeploymentPostprocessing = 0;
		};
/* End PBXResourcesBuildPhase section */

/* Begin PBXShellScriptBuildPhase section */
		E2F054E97D0D60BBC4109F7A /* Copy Pods Resources */ = {
			isa = PBXShellScriptBuildPhase;
			buildActionMask = 2147483647;
			files = (
			);
			inputPaths = (
			);
			name = "Copy Pods Resources";
			outputPaths = (
			);
			runOnlyForDeploymentPostprocessing = 0;
			shellPath = /bin/sh;
			shellScript = "\"${SRCROOT}/Pods/Target Support Files/Pods/Pods-resources.sh\"\n";
			showEnvVarsInLog = 0;
		};
		EBEE2FB294C9B715A9F346FC /* Check Pods Manifest.lock */ = {
			isa = PBXShellScriptBuildPhase;
			buildActionMask = 2147483647;
			files = (
			);
			inputPaths = (
			);
			name = "Check Pods Manifest.lock";
			outputPaths = (
			);
			runOnlyForDeploymentPostprocessing = 0;
			shellPath = /bin/sh;
			shellScript = "diff \"${PODS_ROOT}/../Podfile.lock\" \"${PODS_ROOT}/Manifest.lock\" > /dev/null\nif [[ $? != 0 ]] ; then\n    cat << EOM\nerror: The sandbox is not in sync with the Podfile.lock. Run 'pod install' or update your CocoaPods installation.\nEOM\n    exit 1\nfi\n";
			showEnvVarsInLog = 0;
		};
/* End PBXShellScriptBuildPhase section */

/* Begin PBXSourcesBuildPhase section */
		409E710D1B8830540009A36E /* Sources */ = {
			isa = PBXSourcesBuildPhase;
			buildActionMask = 2147483647;
			files = (
				409E711A1B8830540009A36E /* LUTWAppDelegate.m in Sources */,
				409E71171B8830540009A36E /* main.m in Sources */,
			);
			runOnlyForDeploymentPostprocessing = 0;
		};
		409E71261B8830540009A36E /* Sources */ = {
			isa = PBXSourcesBuildPhase;
			buildActionMask = 2147483647;
			files = (
				409E71311B8830540009A36E /* Light_Up_The_WayTests.m in Sources */,
			);
			runOnlyForDeploymentPostprocessing = 0;
		};
/* End PBXSourcesBuildPhase section */

/* Begin PBXTargetDependency section */
		409E712C1B8830540009A36E /* PBXTargetDependency */ = {
			isa = PBXTargetDependency;
			target = 409E71101B8830540009A36E /* Light Up The Way */;
			targetProxy = 409E712B1B8830540009A36E /* PBXContainerItemProxy */;
		};
/* End PBXTargetDependency section */

/* Begin PBXVariantGroup section */
		409E71231B8830540009A36E /* LaunchScreen.xib */ = {
			isa = PBXVariantGroup;
			children = (
				409E71241B8830540009A36E /* Base */,
			);
			name = LaunchScreen.xib;
			sourceTree = "<group>";
		};
/* End PBXVariantGroup section */

/* Begin XCBuildConfiguration section */
		409E71321B8830540009A36E /* Debug */ = {
			isa = XCBuildConfiguration;
			buildSettings = {
				ALWAYS_SEARCH_USER_PATHS = NO;
				CLANG_CXX_LANGUAGE_STANDARD = "gnu++0x";
				CLANG_CXX_LIBRARY = "libc++";
				CLANG_ENABLE_MODULES = YES;
				CLANG_ENABLE_OBJC_ARC = YES;
				CLANG_WARN_BOOL_CONVERSION = YES;
				CLANG_WARN_CONSTANT_CONVERSION = YES;
				CLANG_WARN_DIRECT_OBJC_ISA_USAGE = YES_ERROR;
				CLANG_WARN_EMPTY_BODY = YES;
				CLANG_WARN_ENUM_CONVERSION = YES;
				CLANG_WARN_INT_CONVERSION = YES;
				CLANG_WARN_OBJC_ROOT_CLASS = YES_ERROR;
				CLANG_WARN_UNREACHABLE_CODE = YES;
				CLANG_WARN__DUPLICATE_METHOD_MATCH = YES;
				"CODE_SIGN_IDENTITY[sdk=iphoneos*]" = "iPhone Developer";
				COPY_PHASE_STRIP = NO;
				DEBUG_INFORMATION_FORMAT = "dwarf-with-dsym";
				ENABLE_STRICT_OBJC_MSGSEND = YES;
				GCC_C_LANGUAGE_STANDARD = gnu99;
				GCC_DYNAMIC_NO_PIC = NO;
				GCC_NO_COMMON_BLOCKS = YES;
				GCC_OPTIMIZATION_LEVEL = 0;
				GCC_PREPROCESSOR_DEFINITIONS = (
					"DEBUG=1",
					"$(inherited)",
				);
				GCC_SYMBOLS_PRIVATE_EXTERN = NO;
				GCC_WARN_64_TO_32_BIT_CONVERSION = YES;
				GCC_WARN_ABOUT_RETURN_TYPE = YES_ERROR;
				GCC_WARN_UNDECLARED_SELECTOR = YES;
				GCC_WARN_UNINITIALIZED_AUTOS = YES_AGGRESSIVE;
				GCC_WARN_UNUSED_FUNCTION = YES;
				GCC_WARN_UNUSED_VARIABLE = YES;
				IPHONEOS_DEPLOYMENT_TARGET = 8.4;
				MTL_ENABLE_DEBUG_INFO = YES;
				ONLY_ACTIVE_ARCH = YES;
				SDKROOT = iphoneos;
				TARGETED_DEVICE_FAMILY = "1,2";
			};
			name = Debug;
		};
		409E71331B8830540009A36E /* Release */ = {
			isa = XCBuildConfiguration;
			buildSettings = {
				ALWAYS_SEARCH_USER_PATHS = NO;
				CLANG_CXX_LANGUAGE_STANDARD = "gnu++0x";
				CLANG_CXX_LIBRARY = "libc++";
				CLANG_ENABLE_MODULES = YES;
				CLANG_ENABLE_OBJC_ARC = YES;
				CLANG_WARN_BOOL_CONVERSION = YES;
				CLANG_WARN_CONSTANT_CONVERSION = YES;
				CLANG_WARN_DIRECT_OBJC_ISA_USAGE = YES_ERROR;
				CLANG_WARN_EMPTY_BODY = YES;
				CLANG_WARN_ENUM_CONVERSION = YES;
				CLANG_WARN_INT_CONVERSION = YES;
				CLANG_WARN_OBJC_ROOT_CLASS = YES_ERROR;
				CLANG_WARN_UNREACHABLE_CODE = YES;
				CLANG_WARN__DUPLICATE_METHOD_MATCH = YES;
				"CODE_SIGN_IDENTITY[sdk=iphoneos*]" = "iPhone Developer";
				COPY_PHASE_STRIP = NO;
				DEBUG_INFORMATION_FORMAT = "dwarf-with-dsym";
				ENABLE_NS_ASSERTIONS = NO;
				ENABLE_STRICT_OBJC_MSGSEND = YES;
				GCC_C_LANGUAGE_STANDARD = gnu99;
				GCC_NO_COMMON_BLOCKS = YES;
				GCC_WARN_64_TO_32_BIT_CONVERSION = YES;
				GCC_WARN_ABOUT_RETURN_TYPE = YES_ERROR;
				GCC_WARN_UNDECLARED_SELECTOR = YES;
				GCC_WARN_UNINITIALIZED_AUTOS = YES_AGGRESSIVE;
				GCC_WARN_UNUSED_FUNCTION = YES;
				GCC_WARN_UNUSED_VARIABLE = YES;
				IPHONEOS_DEPLOYMENT_TARGET = 8.4;
				MTL_ENABLE_DEBUG_INFO = NO;
				SDKROOT = iphoneos;
				TARGETED_DEVICE_FAMILY = "1,2";
				VALIDATE_PRODUCT = YES;
			};
			name = Release;
		};
		409E71351B8830540009A36E /* Debug */ = {
			isa = XCBuildConfiguration;
			baseConfigurationReference = E4327142681318222A32A1E6 /* Pods.debug.xcconfig */;
			buildSettings = {
				ASSETCATALOG_COMPILER_APPICON_NAME = AppIcon;
				INFOPLIST_FILE = "Light Up The Way/Info.plist";
				IPHONEOS_DEPLOYMENT_TARGET = 7.0;
				LD_RUNPATH_SEARCH_PATHS = "$(inherited) @executable_path/Frameworks";
				PRODUCT_NAME = "$(TARGET_NAME)";
			};
			name = Debug;
		};
		409E71361B8830540009A36E /* Release */ = {
			isa = XCBuildConfiguration;
			baseConfigurationReference = 3ABDB8ED29D962A400DE9FA9 /* Pods.release.xcconfig */;
			buildSettings = {
				ASSETCATALOG_COMPILER_APPICON_NAME = AppIcon;
				INFOPLIST_FILE = "Light Up The Way/Info.plist";
				IPHONEOS_DEPLOYMENT_TARGET = 7.0;
				LD_RUNPATH_SEARCH_PATHS = "$(inherited) @executable_path/Frameworks";
				PRODUCT_NAME = "$(TARGET_NAME)";
			};
			name = Release;
		};
		409E71381B8830540009A36E /* Debug */ = {
			isa = XCBuildConfiguration;
			buildSettings = {
				BUNDLE_LOADER = "$(TEST_HOST)";
				FRAMEWORK_SEARCH_PATHS = (
					"$(SDKROOT)/Developer/Library/Frameworks",
					"$(inherited)",
				);
				GCC_PREPROCESSOR_DEFINITIONS = (
					"DEBUG=1",
					"$(inherited)",
				);
				INFOPLIST_FILE = "Light Up The WayTests/Info.plist";
				LD_RUNPATH_SEARCH_PATHS = "$(inherited) @executable_path/Frameworks @loader_path/Frameworks";
				PRODUCT_NAME = "$(TARGET_NAME)";
				TEST_HOST = "$(BUILT_PRODUCTS_DIR)/Light Up The Way.app/Light Up The Way";
			};
			name = Debug;
		};
		409E71391B8830540009A36E /* Release */ = {
			isa = XCBuildConfiguration;
			buildSettings = {
				BUNDLE_LOADER = "$(TEST_HOST)";
				FRAMEWORK_SEARCH_PATHS = (
					"$(SDKROOT)/Developer/Library/Frameworks",
					"$(inherited)",
				);
				INFOPLIST_FILE = "Light Up The WayTests/Info.plist";
				LD_RUNPATH_SEARCH_PATHS = "$(inherited) @executable_path/Frameworks @loader_path/Frameworks";
				PRODUCT_NAME = "$(TARGET_NAME)";
				TEST_HOST = "$(BUILT_PRODUCTS_DIR)/Light Up The Way.app/Light Up The Way";
			};
			name = Release;
		};
/* End XCBuildConfiguration section */

/* Begin XCConfigurationList section */
		409E710C1B8830540009A36E /* Build configuration list for PBXProject "Light Up The Way" */ = {
			isa = XCConfigurationList;
			buildConfigurations = (
				409E71321B8830540009A36E /* Debug */,
				409E71331B8830540009A36E /* Release */,
			);
			defaultConfigurationIsVisible = 0;
			defaultConfigurationName = Release;
		};
		409E71341B8830540009A36E /* Build configuration list for PBXNativeTarget "Light Up The Way" */ = {
			isa = XCConfigurationList;
			buildConfigurations = (
				409E71351B8830540009A36E /* Debug */,
				409E71361B8830540009A36E /* Release */,
			);
			defaultConfigurationIsVisible = 0;
			defaultConfigurationName = Release;
		};
		409E71371B8830540009A36E /* Build configuration list for PBXNativeTarget "Light Up The WayTests" */ = {
			isa = XCConfigurationList;
			buildConfigurations = (
				409E71381B8830540009A36E /* Debug */,
				409E71391B8830540009A36E /* Release */,
			);
			defaultConfigurationIsVisible = 0;
			defaultConfigurationName = Release;
		};
/* End XCConfigurationList section */
	};
	rootObject = 409E71091B8830540009A36E /* Project object */;
}
